
Microsoft Visual Studio Solution File, Format Version 12.00
# Visual Studio Version 16
VisualStudioVersion = 16.0.31321.278
MinimumVisualStudioVersion = 10.0.40219.1
Project("{FAE04EC0-301F-11D3-BF4B-00C04F79EFBC}") = "1_add", "add\1_add.csproj", "{B71E9D15-B188-4AB2-AA7A-D2FADDF045DE}"
EndProject
Project("{FAE04EC0-301F-11D3-BF4B-00C04F79EFBC}") = "2_event", "2_event\2_event.csproj", "{0B2AE5B3-37AE-445B-9973-95001D540516}"
EndProject
Project("{FAE04EC0-301F-11D3-BF4B-00C04F79EFBC}") = "3_Mutex", "3_Mutex\3_Mutex.csproj", "{F5912681-49BE-4D2E-A542-B3F2696C4EE5}"
EndProject
Global
	GlobalSection(SolutionConfigurationPlatforms) = preSolution
		Debug|Any CPU = Debug|Any CPU
		Release|Any CPU = Release|Any CPU
	EndGlobalSection
	GlobalSection(ProjectConfigurationPlatforms) = postSolution
		{B71E9D15-B188-4AB2-AA7A-D2FADDF045DE}.Debug|Any CPU.ActiveCfg = Debug|Any CPU
		{B71E9D15-B188-4AB2-AA7A-D2FADDF045DE}.Debug|Any CPU.Build.0 = Debug|Any CPU
		{B71E9D15-B188-4AB2-AA7A-D2FADDF045DE}.Release|Any CPU.ActiveCfg = Release|Any CPU
		{B71E9D15-B188-4AB2-AA7A-D2FADDF045DE}.Release|Any CPU.Build.0 = Release|Any CPU
		{0B2AE5B3-37AE-445B-9973-95001D540516}.Debug|Any CPU.ActiveCfg = Debug|Any CPU
		{0B2AE5B3-37AE-445B-9973-95001D540516}.Debug|Any CPU.Build.0 = Debug|Any CPU
		{0B2AE5B3-37AE-445B-9973-95001D540516}.Release|Any CPU.ActiveCfg = Release|Any CPU
		{0B2AE5B3-37AE-445B-9973-95001D540516}.Release|Any CPU.Build.0 = Release|Any CPU
		{F5912681-49BE-4D2E-A542-B3F2696C4EE5}.Debug|Any CPU.ActiveCfg = Debug|Any CPU
		{F5912681-49BE-4D2E-A542-B3F2696C4EE5}.Debug|Any CPU.Build.0 = Debug|Any CPU
		{F5912681-49BE-4D2E-A542-B3F2696C4EE5}.Release|Any CPU.ActiveCfg = Release|Any CPU
		{F5912681-49BE-4D2E-A542-B3F2696C4EE5}.Release|Any CPU.Build.0 = Release|Any CPU
	EndGlobalSection
	GlobalSection(SolutionProperties) = preSolution
		HideSolutionNode = FALSE
	EndGlobalSection
	GlobalSection(ExtensibilityGlobals) = postSolution
		SolutionGuid = {F629DB7B-8DC2-4B61-B4E1-9193709113EC}
	EndGlobalSection
EndGlobal
